
Microsoft Visual Studio Solution File, Format Version 12.00
# Visual Studio Version 17
VisualStudioVersion = 17.10.35013.160
MinimumVisualStudioVersion = 10.0.40219.1
Project("{FAE04EC0-301F-11D3-BF4B-00C04F79EFBC}") = "SMTI_SGHE", "SMTI_SGHE\SMTI_SGHE.csproj", "{BE2CCC03-449F-497D-890F-C352C6A158C7}"
EndProject
Global
	GlobalSection(SolutionConfigurationPlatforms) = preSolution
		Debug|Any CPU = Debug|Any CPU
		Release|Any CPU = Release|Any CPU
	EndGlobalSection
	GlobalSection(ProjectConfigurationPlatforms) = postSolution
		{BE2CCC03-449F-497D-890F-C352C6A158C7}.Debug|Any CPU.ActiveCfg = Debug|Any CPU
		{BE2CCC03-449F-497D-890F-C352C6A158C7}.Debug|Any CPU.Build.0 = Debug|Any CPU
		{BE2CCC03-449F-497D-890F-C352C6A158C7}.Release|Any CPU.ActiveCfg = Release|Any CPU
		{BE2CCC03-449F-497D-890F-C352C6A158C7}.Release|Any CPU.Build.0 = Release|Any CPU
	EndGlobalSection
	GlobalSection(SolutionProperties) = preSolution
		HideSolutionNode = FALSE
	EndGlobalSection
	GlobalSection(ExtensibilityGlobals) = postSolution
		SolutionGuid = {EA681EE4-5BBC-45A5-BA8B-9E8EB4D1A2D8}
	EndGlobalSection
EndGlobal
